
Microsoft Visual Studio Solution File, Format Version 12.00
# Visual Studio Version 17
VisualStudioVersion = 17.0.31919.166
MinimumVisualStudioVersion = 10.0.40219.1
Project("{9A19103F-16F7-4668-BE54-9A1E7A4F7556}") = "MyRest.Booking", "Restaurant.Booking\MyRest.Booking.csproj", "{99BF24FC-15E6-4582-B490-08CC2DA27750}"
EndProject
Project("{9A19103F-16F7-4668-BE54-9A1E7A4F7556}") = "MyRest.Notification", "MyRest.Notification\MyRest.Notification.csproj", "{2504DE88-8C39-4B9C-A3CE-AAA8FD9B0109}"
EndProject
Project("{9A19103F-16F7-4668-BE54-9A1E7A4F7556}") = "MyRest.Messaging", "Messaging\MyRest.Messaging.csproj", "{CFDE25E5-109D-4073-9299-153BA4437BB5}"
EndProject
Project("{9A19103F-16F7-4668-BE54-9A1E7A4F7556}") = "MyRest.Kitchen", "MyRest.Kitchen\MyRest.Kitchen.csproj", "{DA34E65C-85CE-450D-9D1D-A0A262DB86DD}"
EndProject
Project("{FAE04EC0-301F-11D3-BF4B-00C04F79EFBC}") = "MyRest.Test", "MyRest.Test\MyRest.Test.csproj", "{59827954-AC7D-4CAB-9D2B-9B3E69E69B99}"
EndProject
Global
	GlobalSection(SolutionConfigurationPlatforms) = preSolution
		Debug|Any CPU = Debug|Any CPU
		Release|Any CPU = Release|Any CPU
	EndGlobalSection
	GlobalSection(ProjectConfigurationPlatforms) = postSolution
		{99BF24FC-15E6-4582-B490-08CC2DA27750}.Debug|Any CPU.ActiveCfg = Debug|Any CPU
		{99BF24FC-15E6-4582-B490-08CC2DA27750}.Debug|Any CPU.Build.0 = Debug|Any CPU
		{99BF24FC-15E6-4582-B490-08CC2DA27750}.Release|Any CPU.ActiveCfg = Release|Any CPU
		{99BF24FC-15E6-4582-B490-08CC2DA27750}.Release|Any CPU.Build.0 = Release|Any CPU
		{2504DE88-8C39-4B9C-A3CE-AAA8FD9B0109}.Debug|Any CPU.ActiveCfg = Debug|Any CPU
		{2504DE88-8C39-4B9C-A3CE-AAA8FD9B0109}.Debug|Any CPU.Build.0 = Debug|Any CPU
		{2504DE88-8C39-4B9C-A3CE-AAA8FD9B0109}.Release|Any CPU.ActiveCfg = Release|Any CPU
		{2504DE88-8C39-4B9C-A3CE-AAA8FD9B0109}.Release|Any CPU.Build.0 = Release|Any CPU
		{CFDE25E5-109D-4073-9299-153BA4437BB5}.Debug|Any CPU.ActiveCfg = Debug|Any CPU
		{CFDE25E5-109D-4073-9299-153BA4437BB5}.Debug|Any CPU.Build.0 = Debug|Any CPU
		{CFDE25E5-109D-4073-9299-153BA4437BB5}.Release|Any CPU.ActiveCfg = Release|Any CPU
		{CFDE25E5-109D-4073-9299-153BA4437BB5}.Release|Any CPU.Build.0 = Release|Any CPU
		{DA34E65C-85CE-450D-9D1D-A0A262DB86DD}.Debug|Any CPU.ActiveCfg = Debug|Any CPU
		{DA34E65C-85CE-450D-9D1D-A0A262DB86DD}.Debug|Any CPU.Build.0 = Debug|Any CPU
		{DA34E65C-85CE-450D-9D1D-A0A262DB86DD}.Release|Any CPU.ActiveCfg = Release|Any CPU
		{DA34E65C-85CE-450D-9D1D-A0A262DB86DD}.Release|Any CPU.Build.0 = Release|Any CPU
		{59827954-AC7D-4CAB-9D2B-9B3E69E69B99}.Debug|Any CPU.ActiveCfg = Debug|Any CPU
		{59827954-AC7D-4CAB-9D2B-9B3E69E69B99}.Debug|Any CPU.Build.0 = Debug|Any CPU
		{59827954-AC7D-4CAB-9D2B-9B3E69E69B99}.Release|Any CPU.ActiveCfg = Release|Any CPU
		{59827954-AC7D-4CAB-9D2B-9B3E69E69B99}.Release|Any CPU.Build.0 = Release|Any CPU
	EndGlobalSection
	GlobalSection(SolutionProperties) = preSolution
		HideSolutionNode = FALSE
	EndGlobalSection
	GlobalSection(ExtensibilityGlobals) = postSolution
		SolutionGuid = {6E665A8A-DCF8-410B-9B1A-437C8CBAC687}
	EndGlobalSection
EndGlobal
